
Microsoft Visual Studio Solution File, Format Version 12.00
# Visual Studio Version 16
VisualStudioVersion = 16.0.29209.62
MinimumVisualStudioVersion = 10.0.40219.1
Project("{FAE04EC0-301F-11D3-BF4B-00C04F79EFBC}") = "Calculator", "Calculator\Calculator.csproj", "{F03BAD4D-E94E-4A94-A4B7-C4A9A108685C}"
EndProject
Project("{FAE04EC0-301F-11D3-BF4B-00C04F79EFBC}") = "Calculator.Test.Unit", "Calculator.Test.Unit\Calculator.Test.Unit.csproj", "{55E15D42-4D44-49CE-AD78-B3295BEDD75B}"
EndProject
Global
	GlobalSection(SolutionConfigurationPlatforms) = preSolution
		Debug|Any CPU = Debug|Any CPU
		Release|Any CPU = Release|Any CPU
	EndGlobalSection
	GlobalSection(ProjectConfigurationPlatforms) = postSolution
		{F03BAD4D-E94E-4A94-A4B7-C4A9A108685C}.Debug|Any CPU.ActiveCfg = Debug|Any CPU
		{F03BAD4D-E94E-4A94-A4B7-C4A9A108685C}.Debug|Any CPU.Build.0 = Debug|Any CPU
		{F03BAD4D-E94E-4A94-A4B7-C4A9A108685C}.Release|Any CPU.ActiveCfg = Release|Any CPU
		{F03BAD4D-E94E-4A94-A4B7-C4A9A108685C}.Release|Any CPU.Build.0 = Release|Any CPU
		{55E15D42-4D44-49CE-AD78-B3295BEDD75B}.Debug|Any CPU.ActiveCfg = Debug|Any CPU
		{55E15D42-4D44-49CE-AD78-B3295BEDD75B}.Debug|Any CPU.Build.0 = Debug|Any CPU
		{55E15D42-4D44-49CE-AD78-B3295BEDD75B}.Release|Any CPU.ActiveCfg = Release|Any CPU
		{55E15D42-4D44-49CE-AD78-B3295BEDD75B}.Release|Any CPU.Build.0 = Release|Any CPU
	EndGlobalSection
	GlobalSection(SolutionProperties) = preSolution
		HideSolutionNode = FALSE
	EndGlobalSection
	GlobalSection(ExtensibilityGlobals) = postSolution
		SolutionGuid = {3972A56B-5C96-47C8-B9EF-DBEDF541E676}
	EndGlobalSection
EndGlobal
